github.com/Qs-F/bort v0.0.0-20190416085732-253ea08438fb h1:nEWklF+1O8M14EYaDQDLGODxbniTIUprlsMHnepT3O4=
github.com/Qs-F/bort v0.0.0-20190416085732-253ea08438fb/go.mod h1:dK9cofVuMI+O2EcrT2tSDV/PKQ7e1dkeAyboWwBxMSI=
github.com/Qs-F/bort v1.0.0 h1:q72PTJW0z9cddJsuJvM0qqUNsb3N9VAd1D1PEiwE9ls=
github.com/Qs-F/bort v1.0.0/go.mod h1:iUFY0vnUx1awavDHgww/n6J8+NosHo2Q5mcGPB9aqmg=
